{
  "version": 4,
  "terraform_version": "1.7.4",
  "serial": 123,
  "lineage": "3ada6e29-76df-58be-4f08-b406b57870ab",
  "outputs": {
    "public_ip_address": {
      "value": "terraform-VM1-Azure: 52.168.30.148",
      "type": "string"
    }
  },
  "resources": [
    {
      "mode": "data",
      "type": "azurerm_public_ip",
      "name": "terraform-ip-data",
      "provider": "provider[\"registry.terraform.io/hashicorp/azurerm\"]",
      "instances": [
        {
          "schema_version": 0,
          "attributes": {
            "allocation_method": "Dynamic",
            "domain_name_label": "",
            "fqdn": "",
            "id": "/subscriptions/96f02f98-691d-455b-82fd-e650da6bf37b/resourceGroups/terraform-rg-azure/providers/Microsoft.Network/publicIPAddresses/terraform-IP-Azure",
            "idle_timeout_in_minutes": 4,
            "ip_address": "52.168.30.148",
            "ip_tags": {},
            "ip_version": "IPv4",
            "location": "eastus",
            "name": "terraform-IP-Azure",
            "resource_group_name": "terraform-rg-azure",
            "reverse_fqdn": "",
            "sku": "Basic",
            "tags": {
              "environment": "dev"
            },
            "timeouts": null,
            "zones": []
          },
          "sensitive_attributes": []
        }
      ]
    },
    {
      "mode": "managed",
      "type": "azurerm_linux_virtual_machine",
      "name": "terraform-VM1",
      "provider": "provider[\"registry.terraform.io/hashicorp/azurerm\"]",
      "instances": [
        {
          "schema_version": 0,
          "attributes": {
            "additional_capabilities": [],
            "admin_password": null,
            "admin_ssh_key": [
              {
                "public_key": "ssh-rsa AAAAB3NzaC1yc2EAAAADAQABAAABgQDCA9Cgp1ZTYMgh3aoQLnHlN/0EhPQW+5+4BwRl3fu31IwUePRq+5Nfrb5iR+2y1Llcw+V6yPF+Ug6ImJ9vFJellAvR9bcl0qDuLQ8kPk5zfHqDzyq+0sCeBdXyi5ucztP4cTOB2WQL4/kQC7JGOCSud9OGmWkqYsgDW7AlmnIXPGe+WSwJORcDjZBQ2QcgK0TVQ+HoFagiWjHEKxKn2iKrC3QZ7FyK6yPrhDkjcbJjVo7T+s3FcueVFDQoO4jAp6TGobYVc+fsRPxQpd4myANHSx7F8rnEnljQt6ya/2u/hN0eBqqjstooDIi4/wP+FwtAQzIjBa7oCbko2R9DU5n792jdVGUAMAXPs+OpVb+yIjWIqtei/1D5j/n1ovMHNH/NLp0KWYQBR9PTdAzq+HSB8gwhxObrSgmCg5EzgKVmgiYS6MAnl/xC8qx8SWRWrtYIALfgY1RdXYs4DoWK4vlm1Gt6h2UTdkHx5FMHu62/WzqO1GLMWltUAmoz3H9ByB8= wiktor@Wiktor-Komputer\r\n",
                "username": "adminuser"
              }
            ],
            "admin_username": "adminuser",
            "allow_extension_operations": true,
            "availability_set_id": "",
            "boot_diagnostics": [],
            "computer_name": "terraform-VM1-Azure",
            "custom_data": "IyEvYmluL2Jhc2gNCnN1ZG8gYXB0LWdldCB1cGRhdGUgLXkgJiYNCnN1ZG8gYXB0LWdldCBpbnN0YWxsIC15IFwNCmFwdC10cmFuc3BvcnQtaHR0cHMgXA0KY2EtY2VydGlmaWNhdGVzIFwNCmN1cmwgXA0KZ251cGctYWdlbnQgXA0Kc29mdHdhcmUtcHJvcGVydGllcy1jb21tb24gJiYNCmN1cmwgLWZzU0wgaHR0cHM6Ly9kb3dubG9hZC5kb2NrZXIuY29tL2xpbnV4L3VidW50dS9ncGcgfCBzdWRvIGFwdC1rZXkgYWRkIC0gJiYNCnN1ZG8gYWRkLWFwdC1yZXBvc2l0b3J5ICJkZWIgW2FyY2g9YW1kNjRdIGh0dHBzOi8vZG93bmxvYWQuZG9ja2VyLmNvbS9saW51eC91YnVudHUgJChsc2JfcmVsZWFzZSAtY3MpIHN0YWJsZSIgJiYgDQpzdWRvIGFwdC1nZXQgdXBkYXRlIC15ICYmDQpzdWRvIGFwdC1nZXQgaW5zdGFsbCBkb2NrZXItY2UgZG9ja2VyLWNlLWNsaSBjb250YWluZXJkLmlvIC15ICYmDQpzdWRvIHVzZXJtb2QgLWFHIGRvY2tlciB1YnVudHU=",
            "dedicated_host_group_id": "",
            "dedicated_host_id": "",
            "disable_password_authentication": true,
            "edge_zone": "",
            "encryption_at_host_enabled": false,
            "eviction_policy": "",
            "extensions_time_budget": "PT1H30M",
            "id": "/subscriptions/96f02f98-691d-455b-82fd-e650da6bf37b/resourceGroups/terraform-rg-azure/providers/Microsoft.Compute/virtualMachines/terraform-VM1-Azure",
            "identity": [],
            "license_type": "",
            "location": "eastus",
            "max_bid_price": -1,
            "name": "terraform-VM1-Azure",
            "network_interface_ids": [
              "/subscriptions/96f02f98-691d-455b-82fd-e650da6bf37b/resourceGroups/terraform-rg-azure/providers/Microsoft.Network/networkInterfaces/terraform-NIC-Azure"
            ],
            "os_disk": [
              {
                "caching": "ReadWrite",
                "diff_disk_settings": [],
                "disk_encryption_set_id": "",
                "disk_size_gb": 30,
                "name": "terraform-VM1-Azure_disk1_ec17c2dad1514af2aa259b1e259ce038",
                "storage_account_type": "Standard_LRS",
                "write_accelerator_enabled": false
              }
            ],
            "patch_mode": "ImageDefault",
            "plan": [],
            "platform_fault_domain": -1,
            "priority": "Regular",
            "private_ip_address": "10.0.0.4",
            "private_ip_addresses": [
              "10.0.0.4"
            ],
            "provision_vm_agent": true,
            "proximity_placement_group_id": "",
            "public_ip_address": "52.168.30.148",
            "public_ip_addresses": [
              "52.168.30.148"
            ],
            "resource_group_name": "terraform-rg-azure",
            "secret": [],
            "secure_boot_enabled": false,
            "size": "Standard_B1s",
            "source_image_id": "",
            "source_image_reference": [
              {
                "offer": "0001-com-ubuntu-server-jammy",
                "publisher": "Canonical",
                "sku": "22_04-lts-gen2",
                "version": "latest"
              }
            ],
            "tags": {
              "environment": "dev"
            },
            "termination_notification": [],
            "timeouts": null,
            "user_data": "",
            "virtual_machine_id": "37247f61-51ab-4e23-b9f5-be01872d4ef1",
            "virtual_machine_scale_set_id": "",
            "vtpm_enabled": false,
            "zone": ""
          },
          "sensitive_attributes": [],
          "private": "eyJlMmJmYjczMC1lY2FhLTExZTYtOGY4OC0zNDM2M2JjN2M0YzAiOnsiY3JlYXRlIjoyNzAwMDAwMDAwMDAwLCJkZWxldGUiOjI3MDAwMDAwMDAwMDAsInJlYWQiOjMwMDAwMDAwMDAwMCwidXBkYXRlIjoyNzAwMDAwMDAwMDAwfX0=",
          "dependencies": [
            "azurerm_network_interface.terraform-NIC",
            "azurerm_public_ip.terraform-IP",
            "azurerm_resource_group.terraform-rg",
            "azurerm_subnet.terraform-Subnet",
            "azurerm_virtual_network.terraform-Vnet"
          ]
        }
      ]
    },
    {
      "mode": "managed",
      "type": "azurerm_network_interface",
      "name": "terraform-NIC",
      "provider": "provider[\"registry.terraform.io/hashicorp/azurerm\"]",
      "instances": [
        {
          "schema_version": 0,
          "attributes": {
            "applied_dns_servers": [],
            "dns_servers": [],
            "edge_zone": "",
            "enable_accelerated_networking": false,
            "enable_ip_forwarding": false,
            "id": "/subscriptions/96f02f98-691d-455b-82fd-e650da6bf37b/resourceGroups/terraform-rg-azure/providers/Microsoft.Network/networkInterfaces/terraform-NIC-Azure",
            "internal_dns_name_label": "",
            "internal_domain_name_suffix": "mdxwe24oegwulaipjirn50dq1h.bx.internal.cloudapp.net",
            "ip_configuration": [
              {
                "gateway_load_balancer_frontend_ip_configuration_id": "",
                "name": "internal-IP",
                "primary": true,
                "private_ip_address": "10.0.0.4",
                "private_ip_address_allocation": "Dynamic",
                "private_ip_address_version": "IPv4",
                "public_ip_address_id": "/subscriptions/96f02f98-691d-455b-82fd-e650da6bf37b/resourceGroups/terraform-rg-azure/providers/Microsoft.Network/publicIPAddresses/terraform-IP-Azure",
                "subnet_id": "/subscriptions/96f02f98-691d-455b-82fd-e650da6bf37b/resourceGroups/terraform-rg-azure/providers/Microsoft.Network/virtualNetworks/terraform-Vnet-Azure/subnets/terraform-Subnet-Azure"
              }
            ],
            "location": "eastus",
            "mac_address": "60-45-BD-FE-95-0A",
            "name": "terraform-NIC-Azure",
            "private_ip_address": "10.0.0.4",
            "private_ip_addresses": [
              "10.0.0.4"
            ],
            "resource_group_name": "terraform-rg-azure",
            "tags": {
              "environment": "dev"
            },
            "timeouts": null,
            "virtual_machine_id": "/subscriptions/96f02f98-691d-455b-82fd-e650da6bf37b/resourceGroups/terraform-rg-azure/providers/Microsoft.Compute/virtualMachines/terraform-VM1-Azure"
          },
          "sensitive_attributes": [],
          "private": "eyJlMmJmYjczMC1lY2FhLTExZTYtOGY4OC0zNDM2M2JjN2M0YzAiOnsiY3JlYXRlIjoxODAwMDAwMDAwMDAwLCJkZWxldGUiOjE4MDAwMDAwMDAwMDAsInJlYWQiOjMwMDAwMDAwMDAwMCwidXBkYXRlIjoxODAwMDAwMDAwMDAwfX0=",
          "dependencies": [
            "azurerm_public_ip.terraform-IP",
            "azurerm_resource_group.terraform-rg",
            "azurerm_subnet.terraform-Subnet",
            "azurerm_virtual_network.terraform-Vnet"
          ]
        }
      ]
    },
    {
      "mode": "managed",
      "type": "azurerm_network_security_group",
      "name": "terraform-NSG",
      "provider": "provider[\"registry.terraform.io/hashicorp/azurerm\"]",
      "instances": [
        {
          "schema_version": 0,
          "attributes": {
            "id": "/subscriptions/96f02f98-691d-455b-82fd-e650da6bf37b/resourceGroups/terraform-rg-azure/providers/Microsoft.Network/networkSecurityGroups/terraform-NSG-Azure",
            "location": "eastus",
            "name": "terraform-NSG-Azure",
            "resource_group_name": "terraform-rg-azure",
            "security_rule": [
              {
                "access": "Allow",
                "description": "",
                "destination_address_prefix": "*",
                "destination_address_prefixes": [],
                "destination_application_security_group_ids": [],
                "destination_port_range": "*",
                "destination_port_ranges": [],
                "direction": "Inbound",
                "name": "terraform-NSG-dev-rule-Azure",
                "priority": 100,
                "protocol": "*",
                "source_address_prefix": "88.156.176.0/20",
                "source_address_prefixes": [],
                "source_application_security_group_ids": [],
                "source_port_range": "*",
                "source_port_ranges": []
              }
            ],
            "tags": {
              "environment": "dev"
            },
            "timeouts": null
          },
          "sensitive_attributes": [],
          "private": "eyJlMmJmYjczMC1lY2FhLTExZTYtOGY4OC0zNDM2M2JjN2M0YzAiOnsiY3JlYXRlIjoxODAwMDAwMDAwMDAwLCJkZWxldGUiOjE4MDAwMDAwMDAwMDAsInJlYWQiOjMwMDAwMDAwMDAwMCwidXBkYXRlIjoxODAwMDAwMDAwMDAwfX0=",
          "dependencies": [
            "azurerm_resource_group.terraform-rg"
          ]
        }
      ]
    },
    {
      "mode": "managed",
      "type": "azurerm_network_security_rule",
      "name": "terraform-NSG-dev-rule",
      "provider": "provider[\"registry.terraform.io/hashicorp/azurerm\"]",
      "instances": [
        {
          "schema_version": 0,
          "attributes": {
            "access": "Allow",
            "description": "",
            "destination_address_prefix": "*",
            "destination_address_prefixes": [],
            "destination_application_security_group_ids": [],
            "destination_port_range": "*",
            "destination_port_ranges": [],
            "direction": "Inbound",
            "id": "/subscriptions/96f02f98-691d-455b-82fd-e650da6bf37b/resourceGroups/terraform-rg-azure/providers/Microsoft.Network/networkSecurityGroups/terraform-NSG-Azure/securityRules/terraform-NSG-dev-rule-Azure",
            "name": "terraform-NSG-dev-rule-Azure",
            "network_security_group_name": "terraform-NSG-Azure",
            "priority": 100,
            "protocol": "*",
            "resource_group_name": "terraform-rg-azure",
            "source_address_prefix": "88.156.176.0/20",
            "source_address_prefixes": [],
            "source_application_security_group_ids": [],
            "source_port_range": "*",
            "source_port_ranges": [],
            "timeouts": null
          },
          "sensitive_attributes": [],
          "private": "eyJlMmJmYjczMC1lY2FhLTExZTYtOGY4OC0zNDM2M2JjN2M0YzAiOnsiY3JlYXRlIjoxODAwMDAwMDAwMDAwLCJkZWxldGUiOjE4MDAwMDAwMDAwMDAsInJlYWQiOjMwMDAwMDAwMDAwMCwidXBkYXRlIjoxODAwMDAwMDAwMDAwfX0=",
          "dependencies": [
            "azurerm_network_security_group.terraform-NSG",
            "azurerm_resource_group.terraform-rg"
          ]
        }
      ]
    },
    {
      "mode": "managed",
      "type": "azurerm_public_ip",
      "name": "terraform-IP",
      "provider": "provider[\"registry.terraform.io/hashicorp/azurerm\"]",
      "instances": [
        {
          "schema_version": 0,
          "attributes": {
            "allocation_method": "Dynamic",
            "domain_name_label": null,
            "edge_zone": "",
            "fqdn": null,
            "id": "/subscriptions/96f02f98-691d-455b-82fd-e650da6bf37b/resourceGroups/terraform-rg-azure/providers/Microsoft.Network/publicIPAddresses/terraform-IP-Azure",
            "idle_timeout_in_minutes": 4,
            "ip_address": "52.168.30.148",
            "ip_tags": {},
            "ip_version": "IPv4",
            "location": "eastus",
            "name": "terraform-IP-Azure",
            "public_ip_prefix_id": null,
            "resource_group_name": "terraform-rg-azure",
            "reverse_fqdn": null,
            "sku": "Basic",
            "sku_tier": "Regional",
            "tags": {
              "environment": "dev"
            },
            "timeouts": null,
            "zones": []
          },
          "sensitive_attributes": [],
          "private": "eyJlMmJmYjczMC1lY2FhLTExZTYtOGY4OC0zNDM2M2JjN2M0YzAiOnsiY3JlYXRlIjoxODAwMDAwMDAwMDAwLCJkZWxldGUiOjE4MDAwMDAwMDAwMDAsInJlYWQiOjMwMDAwMDAwMDAwMCwidXBkYXRlIjoxODAwMDAwMDAwMDAwfX0=",
          "dependencies": [
            "azurerm_resource_group.terraform-rg"
          ]
        }
      ]
    },
    {
      "mode": "managed",
      "type": "azurerm_resource_group",
      "name": "terraform-rg",
      "provider": "provider[\"registry.terraform.io/hashicorp/azurerm\"]",
      "instances": [
        {
          "schema_version": 0,
          "attributes": {
            "id": "/subscriptions/96f02f98-691d-455b-82fd-e650da6bf37b/resourceGroups/terraform-rg-azure",
            "location": "eastus",
            "name": "terraform-rg-azure",
            "tags": {
              "environment": "dev"
            },
            "timeouts": null
          },
          "sensitive_attributes": [],
          "private": "eyJlMmJmYjczMC1lY2FhLTExZTYtOGY4OC0zNDM2M2JjN2M0YzAiOnsiY3JlYXRlIjo1NDAwMDAwMDAwMDAwLCJkZWxldGUiOjU0MDAwMDAwMDAwMDAsInJlYWQiOjMwMDAwMDAwMDAwMCwidXBkYXRlIjo1NDAwMDAwMDAwMDAwfX0="
        }
      ]
    },
    {
      "mode": "managed",
      "type": "azurerm_subnet",
      "name": "terraform-Subnet",
      "provider": "provider[\"registry.terraform.io/hashicorp/azurerm\"]",
      "instances": [
        {
          "schema_version": 0,
          "attributes": {
            "address_prefixes": [
              "10.0.0.0/24"
            ],
            "delegation": [],
            "enforce_private_link_endpoint_network_policies": false,
            "enforce_private_link_service_network_policies": false,
            "id": "/subscriptions/96f02f98-691d-455b-82fd-e650da6bf37b/resourceGroups/terraform-rg-azure/providers/Microsoft.Network/virtualNetworks/terraform-Vnet-Azure/subnets/terraform-Subnet-Azure",
            "name": "terraform-Subnet-Azure",
            "resource_group_name": "terraform-rg-azure",
            "service_endpoint_policy_ids": [],
            "service_endpoints": [],
            "timeouts": null,
            "virtual_network_name": "terraform-Vnet-Azure"
          },
          "sensitive_attributes": [],
          "private": "eyJlMmJmYjczMC1lY2FhLTExZTYtOGY4OC0zNDM2M2JjN2M0YzAiOnsiY3JlYXRlIjoxODAwMDAwMDAwMDAwLCJkZWxldGUiOjE4MDAwMDAwMDAwMDAsInJlYWQiOjMwMDAwMDAwMDAwMCwidXBkYXRlIjoxODAwMDAwMDAwMDAwfX0=",
          "dependencies": [
            "azurerm_resource_group.terraform-rg",
            "azurerm_virtual_network.terraform-Vnet"
          ]
        }
      ]
    },
    {
      "mode": "managed",
      "type": "azurerm_subnet_network_security_group_association",
      "name": "terraform-NSG-rule-association",
      "provider": "provider[\"registry.terraform.io/hashicorp/azurerm\"]",
      "instances": [
        {
          "schema_version": 0,
          "attributes": {
            "id": "/subscriptions/96f02f98-691d-455b-82fd-e650da6bf37b/resourceGroups/terraform-rg-azure/providers/Microsoft.Network/virtualNetworks/terraform-Vnet-Azure/subnets/terraform-Subnet-Azure",
            "network_security_group_id": "/subscriptions/96f02f98-691d-455b-82fd-e650da6bf37b/resourceGroups/terraform-rg-azure/providers/Microsoft.Network/networkSecurityGroups/terraform-NSG-Azure",
            "subnet_id": "/subscriptions/96f02f98-691d-455b-82fd-e650da6bf37b/resourceGroups/terraform-rg-azure/providers/Microsoft.Network/virtualNetworks/terraform-Vnet-Azure/subnets/terraform-Subnet-Azure",
            "timeouts": null
          },
          "sensitive_attributes": [],
          "private": "eyJlMmJmYjczMC1lY2FhLTExZTYtOGY4OC0zNDM2M2JjN2M0YzAiOnsiY3JlYXRlIjoxODAwMDAwMDAwMDAwLCJkZWxldGUiOjE4MDAwMDAwMDAwMDAsInJlYWQiOjMwMDAwMDAwMDAwMCwidXBkYXRlIjoxODAwMDAwMDAwMDAwfX0=",
          "dependencies": [
            "azurerm_network_security_group.terraform-NSG",
            "azurerm_resource_group.terraform-rg",
            "azurerm_subnet.terraform-Subnet",
            "azurerm_virtual_network.terraform-Vnet"
          ]
        }
      ]
    },
    {
      "mode": "managed",
      "type": "azurerm_virtual_network",
      "name": "terraform-Vnet",
      "provider": "provider[\"registry.terraform.io/hashicorp/azurerm\"]",
      "instances": [
        {
          "schema_version": 0,
          "attributes": {
            "address_space": [
              "10.0.0.0/16"
            ],
            "bgp_community": "",
            "ddos_protection_plan": [],
            "dns_servers": [],
            "edge_zone": "",
            "flow_timeout_in_minutes": 0,
            "guid": "7362ef60-21ce-45ad-810f-4a22dfe870df",
            "id": "/subscriptions/96f02f98-691d-455b-82fd-e650da6bf37b/resourceGroups/terraform-rg-azure/providers/Microsoft.Network/virtualNetworks/terraform-Vnet-Azure",
            "location": "eastus",
            "name": "terraform-Vnet-Azure",
            "resource_group_name": "terraform-rg-azure",
            "subnet": [
              {
                "address_prefix": "10.0.0.0/24",
                "id": "/subscriptions/96f02f98-691d-455b-82fd-e650da6bf37b/resourceGroups/terraform-rg-azure/providers/Microsoft.Network/virtualNetworks/terraform-Vnet-Azure/subnets/terraform-Subnet-Azure",
                "name": "terraform-Subnet-Azure",
                "security_group": "/subscriptions/96f02f98-691d-455b-82fd-e650da6bf37b/resourceGroups/terraform-rg-azure/providers/Microsoft.Network/networkSecurityGroups/terraform-NSG-Azure"
              }
            ],
            "tags": {
              "environment": "dev"
            },
            "timeouts": null
          },
          "sensitive_attributes": [],
          "private": "eyJlMmJmYjczMC1lY2FhLTExZTYtOGY4OC0zNDM2M2JjN2M0YzAiOnsiY3JlYXRlIjoxODAwMDAwMDAwMDAwLCJkZWxldGUiOjE4MDAwMDAwMDAwMDAsInJlYWQiOjMwMDAwMDAwMDAwMCwidXBkYXRlIjoxODAwMDAwMDAwMDAwfX0=",
          "dependencies": [
            "azurerm_resource_group.terraform-rg"
          ]
        }
      ]
    }
  ],
  "check_results": null
}
